// !$*UTF8*$!
{
	archiveVersion = 1;
	classes = {
	};
	objectVersion = 50;
	objects = {

/* Begin PBXBuildFile section */
		F408CBC8280D3CD70082AE19 /* GameScreenVM.swift in Sources */ = {isa = PBXBuildFile; fileRef = F408CBC7280D3CD70082AE19 /* GameScreenVM.swift */; };
		F4CDD32F27E31E0800AF0B00 /* TwiddleApp.swift in Sources */ = {isa = PBXBuildFile; fileRef = F4CDD32E27E31E0800AF0B00 /* TwiddleApp.swift */; };
		F4CDD33327E31E1100AF0B00 /* Assets.xcassets in Resources */ = {isa = PBXBuildFile; fileRef = F4CDD33227E31E1100AF0B00 /* Assets.xcassets */; };
		F4CDD33627E31E1100AF0B00 /* Preview Assets.xcassets in Resources */ = {isa = PBXBuildFile; fileRef = F4CDD33527E31E1100AF0B00 /* Preview Assets.xcassets */; };
		F4CDD34027E31E8300AF0B00 /* HomeScreenView.swift in Sources */ = {isa = PBXBuildFile; fileRef = F4CDD33F27E31E8300AF0B00 /* HomeScreenView.swift */; };
		F4CDD34427E31FAF00AF0B00 /* GameScreenView.swift in Sources */ = {isa = PBXBuildFile; fileRef = F4CDD34327E31FAF00AF0B00 /* GameScreenView.swift */; };
/* End PBXBuildFile section */

/* Begin PBXFileReference section */
		F408CBC7280D3CD70082AE19 /* GameScreenVM.swift */ = {isa = PBXFileReference; lastKnownFileType = sourcecode.swift; path = GameScreenVM.swift; sourceTree = "<group>"; };
		F4CDD32B27E31E0800AF0B00 /* Twiddle.app */ = {isa = PBXFileReference; explicitFileType = wrapper.application; includeInIndex = 0; path = Twiddle.app; sourceTree = BUILT_PRODUCTS_DIR; };
		F4CDD32E27E31E0800AF0B00 /* TwiddleApp.swift */ = {isa = PBXFileReference; lastKnownFileType = sourcecode.swift; path = TwiddleApp.swift; sourceTree = "<group>"; };
		F4CDD33227E31E1100AF0B00 /* Assets.xcassets */ = {isa = PBXFileReference; lastKnownFileType = folder.assetcatalog; path = Assets.xcassets; sourceTree = "<group>"; };
		F4CDD33527E31E1100AF0B00 /* Preview Assets.xcassets */ = {isa = PBXFileReference; lastKnownFileType = folder.assetcatalog; path = "Preview Assets.xcassets"; sourceTree = "<group>"; };
		F4CDD33727E31E1100AF0B00 /* Info.plist */ = {isa = PBXFileReference; lastKnownFileType = text.plist.xml; path = Info.plist; sourceTree = "<group>"; };
		F4CDD33F27E31E8300AF0B00 /* HomeScreenView.swift */ = {isa = PBXFileReference; lastKnownFileType = sourcecode.swift; path = HomeScreenView.swift; sourceTree = "<group>"; };
		F4CDD34327E31FAF00AF0B00 /* GameScreenView.swift */ = {isa = PBXFileReference; lastKnownFileType = sourcecode.swift; path = GameScreenView.swift; sourceTree = "<group>"; };
/* End PBXFileReference section */

/* Begin PBXFrameworksBuildPhase section */
		F4CDD32827E31E0800AF0B00 /* Frameworks */ = {
			isa = PBXFrameworksBuildPhase;
			buildActionMask = 2147483647;
			files = (
			);
			runOnlyForDeploymentPostprocessing = 0;
		};
/* End PBXFrameworksBuildPhase section */

/* Begin PBXGroup section */
		F4CDD32227E31E0800AF0B00 = {
			isa = PBXGroup;
			children = (
				F4CDD32D27E31E0800AF0B00 /* Twiddle */,
				F4CDD32C27E31E0800AF0B00 /* Products */,
			);
			sourceTree = "<group>";
		};
		F4CDD32C27E31E0800AF0B00 /* Products */ = {
			isa = PBXGroup;
			children = (
				F4CDD32B27E31E0800AF0B00 /* Twiddle.app */,
			);
			name = Products;
			sourceTree = "<group>";
		};
		F4CDD32D27E31E0800AF0B00 /* Twiddle */ = {
			isa = PBXGroup;
			children = (
				F4CDD32E27E31E0800AF0B00 /* TwiddleApp.swift */,
				F4CDD33F27E31E8300AF0B00 /* HomeScreenView.swift */,
				F4CDD34327E31FAF00AF0B00 /* GameScreenView.swift */,
				F408CBC7280D3CD70082AE19 /* GameScreenVM.swift */,
				F4CDD33227E31E1100AF0B00 /* Assets.xcassets */,
				F4CDD33727E31E1100AF0B00 /* Info.plist */,
				F4CDD33427E31E1100AF0B00 /* Preview Content */,
			);
			path = Twiddle;
			sourceTree = "<group>";
		};
		F4CDD33427E31E1100AF0B00 /* Preview Content */ = {
			isa = PBXGroup;
			children = (
				F4CDD33527E31E1100AF0B00 /* Preview Assets.xcassets */,
			);
			path = "Preview Content";
			sourceTree = "<group>";
		};
/* End PBXGroup section */

/* Begin PBXNativeTarget section */
		F4CDD32A27E31E0800AF0B00 /* Twiddle */ = {
			isa = PBXNativeTarget;
			buildConfigurationList = F4CDD33A27E31E1100AF0B00 /* Build configuration list for PBXNativeTarget "Twiddle" */;
			buildPhases = (
				F4CDD32727E31E0800AF0B00 /* Sources */,
				F4CDD32827E31E0800AF0B00 /* Frameworks */,
				F4CDD32927E31E0800AF0B00 /* Resources */,
			);
			buildRules = (
			);
			dependencies = (
			);
			name = Twiddle;
			productName = Twiddle;
			productReference = F4CDD32B27E31E0800AF0B00 /* Twiddle.app */;
			productType = "com.apple.product-type.application";
		};
/* End PBXNativeTarget section */

/* Begin PBXProject section */
		F4CDD32327E31E0800AF0B00 /* Project object */ = {
			isa = PBXProject;
			attributes = {
				LastSwiftUpdateCheck = 1210;
				LastUpgradeCheck = 1210;
				TargetAttributes = {
					F4CDD32A27E31E0800AF0B00 = {
						CreatedOnToolsVersion = 12.1;
					};
				};
			};
			buildConfigurationList = F4CDD32627E31E0800AF0B00 /* Build configuration list for PBXProject "Twiddle" */;
			compatibilityVersion = "Xcode 9.3";
			developmentRegion = en;
			hasScannedForEncodings = 0;
			knownRegions = (
				en,
				Base,
			);
			mainGroup = F4CDD32227E31E0800AF0B00;
			productRefGroup = F4CDD32C27E31E0800AF0B00 /* Products */;
			projectDirPath = "";
			projectRoot = "";
			targets = (
				F4CDD32A27E31E0800AF0B00 /* Twiddle */,
			);
		};
/* End PBXProject section */

/* Begin PBXResourcesBuildPhase section */
		F4CDD32927E31E0800AF0B00 /* Resources */ = {
			isa = PBXResourcesBuildPhase;
			buildActionMask = 2147483647;
			files = (
				F4CDD33627E31E1100AF0B00 /* Preview Assets.xcassets in Resources */,
				F4CDD33327E31E1100AF0B00 /* Assets.xcassets in Resources */,
			);
			runOnlyForDeploymentPostprocessing = 0;
		};
/* End PBXResourcesBuildPhase section */

/* Begin PBXSourcesBuildPhase section */
		F4CDD32727E31E0800AF0B00 /* Sources */ = {
			isa = PBXSourcesBuildPhase;
			buildActionMask = 2147483647;
			files = (
				F4CDD32F27E31E0800AF0B00 /* TwiddleApp.swift in Sources */,
				F4CDD34027E31E8300AF0B00 /* HomeScreenView.swift in Sources */,
				F408CBC8280D3CD70082AE19 /* GameScreenVM.swift in Sources */,
				F4CDD34427E31FAF00AF0B00 /* GameScreenView.swift in Sources */,
			);
			runOnlyForDeploymentPostprocessing = 0;
		};
/* End PBXSourcesBuildPhase section */

/* Begin XCBuildConfiguration section */
		F4CDD33827E31E1100AF0B00 /* Debug */ = {
			isa = XCBuildConfiguration;
			buildSettings = {
				ALWAYS_SEARCH_USER_PATHS = NO;
				CLANG_ANALYZER_NONNULL = YES;
				CLANG_ANALYZER_NUMBER_OBJECT_CONVERSION = YES_AGGRESSIVE;
				CLANG_CXX_LANGUAGE_STANDARD = "gnu++14";
				CLANG_CXX_LIBRARY = "libc++";
				CLANG_ENABLE_MODULES = YES;
				CLANG_ENABLE_OBJC_ARC = YES;
				CLANG_ENABLE_OBJC_WEAK = YES;
				CLANG_WARN_BLOCK_CAPTURE_AUTORELEASING = YES;
				CLANG_WARN_BOOL_CONVERSION = YES;
				CLANG_WARN_COMMA = YES;
				CLANG_WARN_CONSTANT_CONVERSION = YES;
				CLANG_WARN_DEPRECATED_OBJC_IMPLEMENTATIONS = YES;
				CLANG_WARN_DIRECT_OBJC_ISA_USAGE = YES_ERROR;
				CLANG_WARN_DOCUMENTATION_COMMENTS = YES;
				CLANG_WARN_EMPTY_BODY = YES;
				CLANG_WARN_ENUM_CONVERSION = YES;
				CLANG_WARN_INFINITE_RECURSION = YES;
				CLANG_WARN_INT_CONVERSION = YES;
				CLANG_WARN_NON_LITERAL_NULL_CONVERSION = YES;
				CLANG_WARN_OBJC_IMPLICIT_RETAIN_SELF = YES;
				CLANG_WARN_OBJC_LITERAL_CONVERSION = YES;
				CLANG_WARN_OBJC_ROOT_CLASS = YES_ERROR;
				CLANG_WARN_QUOTED_INCLUDE_IN_FRAMEWORK_HEADER = YES;
				CLANG_WARN_RANGE_LOOP_ANALYSIS = YES;
				CLANG_WARN_STRICT_PROTOTYPES = YES;
				CLANG_WARN_SUSPICIOUS_MOVE = YES;
				CLANG_WARN_UNGUARDED_AVAILABILITY = YES_AGGRESSIVE;
				CLANG_WARN_UNREACHABLE_CODE = YES;
				CLANG_WARN__DUPLICATE_METHOD_MATCH = YES;
				COPY_PHASE_STRIP = NO;
				DEBUG_INFORMATION_FORMAT = dwarf;
				ENABLE_STRICT_OBJC_MSGSEND = YES;
				ENABLE_TESTABILITY = YES;
				GCC_C_LANGUAGE_STANDARD = gnu11;
				GCC_DYNAMIC_NO_PIC = NO;
				GCC_NO_COMMON_BLOCKS = YES;
				GCC_OPTIMIZATION_LEVEL = 0;
				GCC_PREPROCESSOR_DEFINITIONS = (
					"DEBUG=1",
					"$(inherited)",
				);
				GCC_WARN_64_TO_32_BIT_CONVERSION = YES;
				GCC_WARN_ABOUT_RETURN_TYPE = YES_ERROR;
				GCC_WARN_UNDECLARED_SELECTOR = YES;
				GCC_WARN_UNINITIALIZED_AUTOS = YES_AGGRESSIVE;
				GCC_WARN_UNUSED_FUNCTION = YES;
				GCC_WARN_UNUSED_VARIABLE = YES;
				IPHONEOS_DEPLOYMENT_TARGET = 14.1;
				MTL_ENABLE_DEBUG_INFO = INCLUDE_SOURCE;
				MTL_FAST_MATH = YES;
				ONLY_ACTIVE_ARCH = YES;
				SDKROOT = iphoneos;
				SWIFT_ACTIVE_COMPILATION_CONDITIONS = DEBUG;
				SWIFT_OPTIMIZATION_LEVEL = "-Onone";
			};
			name = Debug;
		};
		F4CDD33927E31E1100AF0B00 /* Release */ = {
			isa = XCBuildConfiguration;
			buildSettings = {
				ALWAYS_SEARCH_USER_PATHS = NO;
				CLANG_ANALYZER_NONNULL = YES;
				CLANG_ANALYZER_NUMBER_OBJECT_CONVERSION = YES_AGGRESSIVE;
				CLANG_CXX_LANGUAGE_STANDARD = "gnu++14";
				CLANG_CXX_LIBRARY = "libc++";
				CLANG_ENABLE_MODULES = YES;
				CLANG_ENABLE_OBJC_ARC = YES;
				CLANG_ENABLE_OBJC_WEAK = YES;
				CLANG_WARN_BLOCK_CAPTURE_AUTORELEASING = YES;
				CLANG_WARN_BOOL_CONVERSION = YES;
				CLANG_WARN_COMMA = YES;
				CLANG_WARN_CONSTANT_CONVERSION = YES;
				CLANG_WARN_DEPRECATED_OBJC_IMPLEMENTATIONS = YES;
				CLANG_WARN_DIRECT_OBJC_ISA_USAGE = YES_ERROR;
				CLANG_WARN_DOCUMENTATION_COMMENTS = YES;
				CLANG_WARN_EMPTY_BODY = YES;
				CLANG_WARN_ENUM_CONVERSION = YES;
				CLANG_WARN_INFINITE_RECURSION = YES;
				CLANG_WARN_INT_CONVERSION = YES;
				CLANG_WARN_NON_LITERAL_NULL_CONVERSION = YES;
				CLANG_WARN_OBJC_IMPLICIT_RETAIN_SELF = YES;
				CLANG_WARN_OBJC_LITERAL_CONVERSION = YES;
				CLANG_WARN_OBJC_ROOT_CLASS = YES_ERROR;
				CLANG_WARN_QUOTED_INCLUDE_IN_FRAMEWORK_HEADER = YES;
				CLANG_WARN_RANGE_LOOP_ANALYSIS = YES;
				CLANG_WARN_STRICT_PROTOTYPES = YES;
				CLANG_WARN_SUSPICIOUS_MOVE = YES;
				CLANG_WARN_UNGUARDED_AVAILABILITY = YES_AGGRESSIVE;
				CLANG_WARN_UNREACHABLE_CODE = YES;
				CLANG_WARN__DUPLICATE_METHOD_MATCH = YES;
				COPY_PHASE_STRIP = NO;
				DEBUG_INFORMATION_FORMAT = "dwarf-with-dsym";
				ENABLE_NS_ASSERTIONS = NO;
				ENABLE_STRICT_OBJC_MSGSEND = YES;
				GCC_C_LANGUAGE_STANDARD = gnu11;
				GCC_NO_COMMON_BLOCKS = YES;
				GCC_WARN_64_TO_32_BIT_CONVERSION = YES;
				GCC_WARN_ABOUT_RETURN_TYPE = YES_ERROR;
				GCC_WARN_UNDECLARED_SELECTOR = YES;
				GCC_WARN_UNINITIALIZED_AUTOS = YES_AGGRESSIVE;
				GCC_WARN_UNUSED_FUNCTION = YES;
				GCC_WARN_UNUSED_VARIABLE = YES;
				IPHONEOS_DEPLOYMENT_TARGET = 14.1;
				MTL_ENABLE_DEBUG_INFO = NO;
				MTL_FAST_MATH = YES;
				SDKROOT = iphoneos;
				SWIFT_COMPILATION_MODE = wholemodule;
				SWIFT_OPTIMIZATION_LEVEL = "-O";
				VALIDATE_PRODUCT = YES;
			};
			name = Release;
		};
		F4CDD33B27E31E1100AF0B00 /* Debug */ = {
			isa = XCBuildConfiguration;
			buildSettings = {
				ASSETCATALOG_COMPILER_APPICON_NAME = AppIcon;
				ASSETCATALOG_COMPILER_GLOBAL_ACCENT_COLOR_NAME = AccentColor;
				CODE_SIGN_STYLE = Automatic;
				DEVELOPMENT_ASSET_PATHS = "\"Twiddle/Preview Content\"";
				ENABLE_PREVIEWS = YES;
				INFOPLIST_FILE = Twiddle/Info.plist;
				IPHONEOS_DEPLOYMENT_TARGET = 14.0;
				LD_RUNPATH_SEARCH_PATHS = (
					"$(inherited)",
					"@executable_path/Frameworks",
				);
				PRODUCT_BUNDLE_IDENTIFIER = manthan.Twiddle;
				PRODUCT_NAME = "$(TARGET_NAME)";
				SWIFT_VERSION = 5.0;
				TARGETED_DEVICE_FAMILY = "1,2";
			};
			name = Debug;
		};
		F4CDD33C27E31E1100AF0B00 /* Release */ = {
			isa = XCBuildConfiguration;
			buildSettings = {
				ASSETCATALOG_COMPILER_APPICON_NAME = AppIcon;
				ASSETCATALOG_COMPILER_GLOBAL_ACCENT_COLOR_NAME = AccentColor;
				CODE_SIGN_STYLE = Automatic;
				DEVELOPMENT_ASSET_PATHS = "\"Twiddle/Preview Content\"";
				ENABLE_PREVIEWS = YES;
				INFOPLIST_FILE = Twiddle/Info.plist;
				IPHONEOS_DEPLOYMENT_TARGET = 14.0;
				LD_RUNPATH_SEARCH_PATHS = (
					"$(inherited)",
					"@executable_path/Frameworks",
				);
				PRODUCT_BUNDLE_IDENTIFIER = manthan.Twiddle;
				PRODUCT_NAME = "$(TARGET_NAME)";
				SWIFT_VERSION = 5.0;
				TARGETED_DEVICE_FAMILY = "1,2";
			};
			name = Release;
		};
/* End XCBuildConfiguration section */

/* Begin XCConfigurationList section */
		F4CDD32627E31E0800AF0B00 /* Build configuration list for PBXProject "Twiddle" */ = {
			isa = XCConfigurationList;
			buildConfigurations = (
				F4CDD33827E31E1100AF0B00 /* Debug */,
				F4CDD33927E31E1100AF0B00 /* Release */,
			);
			defaultConfigurationIsVisible = 0;
			defaultConfigurationName = Release;
		};
		F4CDD33A27E31E1100AF0B00 /* Build configuration list for PBXNativeTarget "Twiddle" */ = {
			isa = XCConfigurationList;
			buildConfigurations = (
				F4CDD33B27E31E1100AF0B00 /* Debug */,
				F4CDD33C27E31E1100AF0B00 /* Release */,
			);
			defaultConfigurationIsVisible = 0;
			defaultConfigurationName = Release;
		};
/* End XCConfigurationList section */
	};
	rootObject = F4CDD32327E31E0800AF0B00 /* Project object */;
}
